// !$*UTF8*$!
{
	archiveVersion = 1;
	classes = {
	};
	objectVersion = 56;
	objects = {

/* Begin PBXBuildFile section */
		0245A18B2B34A94C0052F669 /* AppDelegate.swift in Sources */ = {isa = PBXBuildFile; fileRef = 0245A18A2B34A94C0052F669 /* AppDelegate.swift */; };
		0245A18D2B34A94C0052F669 /* SceneDelegate.swift in Sources */ = {isa = PBXBuildFile; fileRef = 0245A18C2B34A94C0052F669 /* SceneDelegate.swift */; };
		0245A18F2B34A94C0052F669 /* Anasayfa.swift in Sources */ = {isa = PBXBuildFile; fileRef = 0245A18E2B34A94C0052F669 /* Anasayfa.swift */; };
		0245A1922B34A94C0052F669 /* Main.storyboard in Resources */ = {isa = PBXBuildFile; fileRef = 0245A1902B34A94C0052F669 /* Main.storyboard */; };
		0245A1942B34A94D0052F669 /* Assets.xcassets in Resources */ = {isa = PBXBuildFile; fileRef = 0245A1932B34A94D0052F669 /* Assets.xcassets */; };
		0245A1972B34A94D0052F669 /* LaunchScreen.storyboard in Resources */ = {isa = PBXBuildFile; fileRef = 0245A1952B34A94D0052F669 /* LaunchScreen.storyboard */; };
		0245A1A22B34AA3F0052F669 /* KisiKayit.swift in Sources */ = {isa = PBXBuildFile; fileRef = 0245A1A12B34AA3F0052F669 /* KisiKayit.swift */; };
		0245A1A42B34AA4A0052F669 /* KisiDetay.swift in Sources */ = {isa = PBXBuildFile; fileRef = 0245A1A32B34AA4A0052F669 /* KisiDetay.swift */; };
		0245A1A62B34AABA0052F669 /* Kisiler.swift in Sources */ = {isa = PBXBuildFile; fileRef = 0245A1A52B34AABA0052F669 /* Kisiler.swift */; };
		0245A1A92B34BFE50052F669 /* KisilerHucre.swift in Sources */ = {isa = PBXBuildFile; fileRef = 0245A1A82B34BFE50052F669 /* KisilerHucre.swift */; };
		0287E1362B6AC24A000D27DA /* FMDatabase.m in Sources */ = {isa = PBXBuildFile; fileRef = 0287E12E2B6AC24A000D27DA /* FMDatabase.m */; };
		0287E1372B6AC24A000D27DA /* FMDatabaseAdditions.m in Sources */ = {isa = PBXBuildFile; fileRef = 0287E1302B6AC24A000D27DA /* FMDatabaseAdditions.m */; };
		0287E1382B6AC24A000D27DA /* FMDatabasePool.m in Sources */ = {isa = PBXBuildFile; fileRef = 0287E1312B6AC24A000D27DA /* FMDatabasePool.m */; };
		0287E1392B6AC24A000D27DA /* FMDatabaseQueue.m in Sources */ = {isa = PBXBuildFile; fileRef = 0287E1322B6AC24A000D27DA /* FMDatabaseQueue.m */; };
		0287E13A2B6AC24A000D27DA /* FMResultSet.m in Sources */ = {isa = PBXBuildFile; fileRef = 0287E1352B6AC24A000D27DA /* FMResultSet.m */; };
		0287E13F2B6ACECC000D27DA /* libsqlite3.tbd in Frameworks */ = {isa = PBXBuildFile; fileRef = 0287E13C2B6AC252000D27DA /* libsqlite3.tbd */; };
		0287E1452B6AD0AF000D27DA /* KisilerDaoRepository.swift in Sources */ = {isa = PBXBuildFile; fileRef = 0287E1442B6AD0AF000D27DA /* KisilerDaoRepository.swift */; };
		0287E1472B6AD0D0000D27DA /* rehber.sqlite in Resources */ = {isa = PBXBuildFile; fileRef = 0287E1462B6AD0D0000D27DA /* rehber.sqlite */; };
		029E33D02B5441E600EABFE6 /* AnasayfaViewModel.swift in Sources */ = {isa = PBXBuildFile; fileRef = 029E33CF2B5441E600EABFE6 /* AnasayfaViewModel.swift */; };
		029E33D22B54420000EABFE6 /* KisiKayitViewModel.swift in Sources */ = {isa = PBXBuildFile; fileRef = 029E33D12B54420000EABFE6 /* KisiKayitViewModel.swift */; };
		029E33D42B54421500EABFE6 /* KisiDetayViewModel.swift in Sources */ = {isa = PBXBuildFile; fileRef = 029E33D32B54421500EABFE6 /* KisiDetayViewModel.swift */; };
		029E33E32B54535300EABFE6 /* RxSwift in Frameworks */ = {isa = PBXBuildFile; productRef = 029E33E22B54535300EABFE6 /* RxSwift */; };
/* End PBXBuildFile section */

/* Begin PBXFileReference section */
		0245A1872B34A94C0052F669 /* KisilerUygulamasiMVVM.app */ = {isa = PBXFileReference; explicitFileType = wrapper.application; includeInIndex = 0; path = KisilerUygulamasiMVVM.app; sourceTree = BUILT_PRODUCTS_DIR; };
		0245A18A2B34A94C0052F669 /* AppDelegate.swift */ = {isa = PBXFileReference; lastKnownFileType = sourcecode.swift; path = AppDelegate.swift; sourceTree = "<group>"; };
		0245A18C2B34A94C0052F669 /* SceneDelegate.swift */ = {isa = PBXFileReference; lastKnownFileType = sourcecode.swift; path = SceneDelegate.swift; sourceTree = "<group>"; };
		0245A18E2B34A94C0052F669 /* Anasayfa.swift */ = {isa = PBXFileReference; lastKnownFileType = sourcecode.swift; path = Anasayfa.swift; sourceTree = "<group>"; };
		0245A1912B34A94C0052F669 /* Base */ = {isa = PBXFileReference; lastKnownFileType = file.storyboard; name = Base; path = Base.lproj/Main.storyboard; sourceTree = "<group>"; };
		0245A1932B34A94D0052F669 /* Assets.xcassets */ = {isa = PBXFileReference; lastKnownFileType = folder.assetcatalog; path = Assets.xcassets; sourceTree = "<group>"; };
		0245A1962B34A94D0052F669 /* Base */ = {isa = PBXFileReference; lastKnownFileType = file.storyboard; name = Base; path = Base.lproj/LaunchScreen.storyboard; sourceTree = "<group>"; };
		0245A1982B34A94D0052F669 /* Info.plist */ = {isa = PBXFileReference; lastKnownFileType = text.plist.xml; path = Info.plist; sourceTree = "<group>"; };
		0245A1A12B34AA3F0052F669 /* KisiKayit.swift */ = {isa = PBXFileReference; lastKnownFileType = sourcecode.swift; path = KisiKayit.swift; sourceTree = "<group>"; };
		0245A1A32B34AA4A0052F669 /* KisiDetay.swift */ = {isa = PBXFileReference; lastKnownFileType = sourcecode.swift; path = KisiDetay.swift; sourceTree = "<group>"; };
		0245A1A52B34AABA0052F669 /* Kisiler.swift */ = {isa = PBXFileReference; lastKnownFileType = sourcecode.swift; path = Kisiler.swift; sourceTree = "<group>"; };
		0245A1A82B34BFE50052F669 /* KisilerHucre.swift */ = {isa = PBXFileReference; lastKnownFileType = sourcecode.swift; path = KisilerHucre.swift; sourceTree = "<group>"; };
		0287E12A2B6AC249000D27DA /* KisilerUygulamasiMVVM-Bridging-Header.h */ = {isa = PBXFileReference; lastKnownFileType = sourcecode.c.h; path = "KisilerUygulamasiMVVM-Bridging-Header.h"; sourceTree = "<group>"; };
		0287E12B2B6AC24A000D27DA /* FMDatabasePool.h */ = {isa = PBXFileReference; fileEncoding = 4; lastKnownFileType = sourcecode.c.h; path = FMDatabasePool.h; sourceTree = "<group>"; };
		0287E12C2B6AC24A000D27DA /* FMDB.h */ = {isa = PBXFileReference; fileEncoding = 4; lastKnownFileType = sourcecode.c.h; path = FMDB.h; sourceTree = "<group>"; };
		0287E12D2B6AC24A000D27DA /* FMDatabaseAdditions.h */ = {isa = PBXFileReference; fileEncoding = 4; lastKnownFileType = sourcecode.c.h; path = FMDatabaseAdditions.h; sourceTree = "<group>"; };
		0287E12E2B6AC24A000D27DA /* FMDatabase.m */ = {isa = PBXFileReference; fileEncoding = 4; lastKnownFileType = sourcecode.c.objc; path = FMDatabase.m; sourceTree = "<group>"; };
		0287E12F2B6AC24A000D27DA /* FMDatabaseQueue.h */ = {isa = PBXFileReference; fileEncoding = 4; lastKnownFileType = sourcecode.c.h; path = FMDatabaseQueue.h; sourceTree = "<group>"; };
		0287E1302B6AC24A000D27DA /* FMDatabaseAdditions.m */ = {isa = PBXFileReference; fileEncoding = 4; lastKnownFileType = sourcecode.c.objc; path = FMDatabaseAdditions.m; sourceTree = "<group>"; };
		0287E1312B6AC24A000D27DA /* FMDatabasePool.m */ = {isa = PBXFileReference; fileEncoding = 4; lastKnownFileType = sourcecode.c.objc; path = FMDatabasePool.m; sourceTree = "<group>"; };
		0287E1322B6AC24A000D27DA /* FMDatabaseQueue.m */ = {isa = PBXFileReference; fileEncoding = 4; lastKnownFileType = sourcecode.c.objc; path = FMDatabaseQueue.m; sourceTree = "<group>"; };
		0287E1332B6AC24A000D27DA /* FMDatabase.h */ = {isa = PBXFileReference; fileEncoding = 4; lastKnownFileType = sourcecode.c.h; path = FMDatabase.h; sourceTree = "<group>"; };
		0287E1342B6AC24A000D27DA /* FMResultSet.h */ = {isa = PBXFileReference; fileEncoding = 4; lastKnownFileType = sourcecode.c.h; path = FMResultSet.h; sourceTree = "<group>"; };
		0287E1352B6AC24A000D27DA /* FMResultSet.m */ = {isa = PBXFileReference; fileEncoding = 4; lastKnownFileType = sourcecode.c.objc; path = FMResultSet.m; sourceTree = "<group>"; };
		0287E13C2B6AC252000D27DA /* libsqlite3.tbd */ = {isa = PBXFileReference; lastKnownFileType = "sourcecode.text-based-dylib-definition"; name = libsqlite3.tbd; path = usr/lib/libsqlite3.tbd; sourceTree = SDKROOT; };
		0287E1442B6AD0AF000D27DA /* KisilerDaoRepository.swift */ = {isa = PBXFileReference; lastKnownFileType = sourcecode.swift; path = KisilerDaoRepository.swift; sourceTree = "<group>"; };
		0287E1462B6AD0D0000D27DA /* rehber.sqlite */ = {isa = PBXFileReference; lastKnownFileType = file; name = rehber.sqlite; path = ../../../../../Downloads/rehber.sqlite; sourceTree = "<group>"; };
		029E33CF2B5441E600EABFE6 /* AnasayfaViewModel.swift */ = {isa = PBXFileReference; lastKnownFileType = sourcecode.swift; path = AnasayfaViewModel.swift; sourceTree = "<group>"; };
		029E33D12B54420000EABFE6 /* KisiKayitViewModel.swift */ = {isa = PBXFileReference; lastKnownFileType = sourcecode.swift; path = KisiKayitViewModel.swift; sourceTree = "<group>"; };
		029E33D32B54421500EABFE6 /* KisiDetayViewModel.swift */ = {isa = PBXFileReference; lastKnownFileType = sourcecode.swift; path = KisiDetayViewModel.swift; sourceTree = "<group>"; };
/* End PBXFileReference section */

/* Begin PBXFrameworksBuildPhase section */
		0245A1842B34A94C0052F669 /* Frameworks */ = {
			isa = PBXFrameworksBuildPhase;
			buildActionMask = 2147483647;
			files = (
				0287E13F2B6ACECC000D27DA /* libsqlite3.tbd in Frameworks */,
				029E33E32B54535300EABFE6 /* RxSwift in Frameworks */,
			);
			runOnlyForDeploymentPostprocessing = 0;
		};
/* End PBXFrameworksBuildPhase section */

/* Begin PBXGroup section */
		0245A17E2B34A94C0052F669 = {
			isa = PBXGroup;
			children = (
				0245A1892B34A94C0052F669 /* KisilerUygulamasi */,
				0245A1882B34A94C0052F669 /* Products */,
				0287E13B2B6AC252000D27DA /* Frameworks */,
			);
			sourceTree = "<group>";
		};
		0245A1882B34A94C0052F669 /* Products */ = {
			isa = PBXGroup;
			children = (
				0245A1872B34A94C0052F669 /* KisilerUygulamasiMVVM.app */,
			);
			name = Products;
			sourceTree = "<group>";
		};
		0245A1892B34A94C0052F669 /* KisilerUygulamasi */ = {
			isa = PBXGroup;
			children = (
				0245A18A2B34A94C0052F669 /* AppDelegate.swift */,
				0245A18C2B34A94C0052F669 /* SceneDelegate.swift */,
				0245A19E2B34A9D40052F669 /* ui */,
				0245A19F2B34A9E10052F669 /* data */,
				0245A1902B34A94C0052F669 /* Main.storyboard */,
				0245A1932B34A94D0052F669 /* Assets.xcassets */,
				0245A1952B34A94D0052F669 /* LaunchScreen.storyboard */,
				0245A1982B34A94D0052F669 /* Info.plist */,
				0287E1332B6AC24A000D27DA /* FMDatabase.h */,
				0287E12E2B6AC24A000D27DA /* FMDatabase.m */,
				0287E12D2B6AC24A000D27DA /* FMDatabaseAdditions.h */,
				0287E1302B6AC24A000D27DA /* FMDatabaseAdditions.m */,
				0287E12B2B6AC24A000D27DA /* FMDatabasePool.h */,
				0287E1312B6AC24A000D27DA /* FMDatabasePool.m */,
				0287E12F2B6AC24A000D27DA /* FMDatabaseQueue.h */,
				0287E1322B6AC24A000D27DA /* FMDatabaseQueue.m */,
				0287E12C2B6AC24A000D27DA /* FMDB.h */,
				0287E1342B6AC24A000D27DA /* FMResultSet.h */,
				0287E1352B6AC24A000D27DA /* FMResultSet.m */,
				0287E12A2B6AC249000D27DA /* KisilerUygulamasiMVVM-Bridging-Header.h */,
				0287E1462B6AD0D0000D27DA /* rehber.sqlite */,
			);
			path = KisilerUygulamasi;
			sourceTree = "<group>";
		};
		0245A19E2B34A9D40052F669 /* ui */ = {
			isa = PBXGroup;
			children = (
				029E33CD2B5441C900EABFE6 /* viewmodel */,
				0245A1A72B34BFC40052F669 /* tableview */,
				0245A18E2B34A94C0052F669 /* Anasayfa.swift */,
				0245A1A12B34AA3F0052F669 /* KisiKayit.swift */,
				0245A1A32B34AA4A0052F669 /* KisiDetay.swift */,
			);
			path = ui;
			sourceTree = "<group>";
		};
		0245A19F2B34A9E10052F669 /* data */ = {
			isa = PBXGroup;
			children = (
				029E33CA2B54417E00EABFE6 /* repo */,
				0245A1A02B34A9EE0052F669 /* entity */,
			);
			path = data;
			sourceTree = "<group>";
		};
		0245A1A02B34A9EE0052F669 /* entity */ = {
			isa = PBXGroup;
			children = (
				0245A1A52B34AABA0052F669 /* Kisiler.swift */,
			);
			path = entity;
			sourceTree = "<group>";
		};
		0245A1A72B34BFC40052F669 /* tableview */ = {
			isa = PBXGroup;
			children = (
				0245A1A82B34BFE50052F669 /* KisilerHucre.swift */,
			);
			path = tableview;
			sourceTree = "<group>";
		};
		0287E13B2B6AC252000D27DA /* Frameworks */ = {
			isa = PBXGroup;
			children = (
				0287E13C2B6AC252000D27DA /* libsqlite3.tbd */,
			);
			name = Frameworks;
			sourceTree = "<group>";
		};
		029E33CA2B54417E00EABFE6 /* repo */ = {
			isa = PBXGroup;
			children = (
				0287E1442B6AD0AF000D27DA /* KisilerDaoRepository.swift */,
			);
			path = repo;
			sourceTree = "<group>";
		};
		029E33CD2B5441C900EABFE6 /* viewmodel */ = {
			isa = PBXGroup;
			children = (
				029E33CF2B5441E600EABFE6 /* AnasayfaViewModel.swift */,
				029E33D12B54420000EABFE6 /* KisiKayitViewModel.swift */,
				029E33D32B54421500EABFE6 /* KisiDetayViewModel.swift */,
			);
			path = viewmodel;
			sourceTree = "<group>";
		};
/* End PBXGroup section */

/* Begin PBXNativeTarget section */
		0245A1862B34A94C0052F669 /* KisilerUygulamasiMVVM */ = {
			isa = PBXNativeTarget;
			buildConfigurationList = 0245A19B2B34A94D0052F669 /* Build configuration list for PBXNativeTarget "KisilerUygulamasiMVVM" */;
			buildPhases = (
				0245A1832B34A94C0052F669 /* Sources */,
				0245A1842B34A94C0052F669 /* Frameworks */,
				0245A1852B34A94C0052F669 /* Resources */,
			);
			buildRules = (
			);
			dependencies = (
			);
			name = KisilerUygulamasiMVVM;
			packageProductDependencies = (
				029E33E22B54535300EABFE6 /* RxSwift */,
			);
			productName = KisilerUygulamasi;
			productReference = 0245A1872B34A94C0052F669 /* KisilerUygulamasiMVVM.app */;
			productType = "com.apple.product-type.application";
		};
/* End PBXNativeTarget section */

/* Begin PBXProject section */
		0245A17F2B34A94C0052F669 /* Project object */ = {
			isa = PBXProject;
			attributes = {
				BuildIndependentTargetsInParallel = 1;
				LastSwiftUpdateCheck = 1510;
				LastUpgradeCheck = 1510;
				TargetAttributes = {
					0245A1862B34A94C0052F669 = {
						CreatedOnToolsVersion = 15.1;
						LastSwiftMigration = 1510;
					};
				};
			};
			buildConfigurationList = 0245A1822B34A94C0052F669 /* Build configuration list for PBXProject "KisilerUygulamasiMVVM" */;
			compatibilityVersion = "Xcode 14.0";
			developmentRegion = en;
			hasScannedForEncodings = 0;
			knownRegions = (
				en,
				Base,
			);
			mainGroup = 0245A17E2B34A94C0052F669;
			packageReferences = (
				029E33D52B54535300EABFE6 /* XCRemoteSwiftPackageReference "RxSwift" */,
			);
			productRefGroup = 0245A1882B34A94C0052F669 /* Products */;
			projectDirPath = "";
			projectRoot = "";
			targets = (
				0245A1862B34A94C0052F669 /* KisilerUygulamasiMVVM */,
			);
		};
/* End PBXProject section */

/* Begin PBXResourcesBuildPhase section */
		0245A1852B34A94C0052F669 /* Resources */ = {
			isa = PBXResourcesBuildPhase;
			buildActionMask = 2147483647;
			files = (
				0245A1972B34A94D0052F669 /* LaunchScreen.storyboard in Resources */,
				0287E1472B6AD0D0000D27DA /* rehber.sqlite in Resources */,
				0245A1942B34A94D0052F669 /* Assets.xcassets in Resources */,
				0245A1922B34A94C0052F669 /* Main.storyboard in Resources */,
			);
			runOnlyForDeploymentPostprocessing = 0;
		};
/* End PBXResourcesBuildPhase section */

/* Begin PBXSourcesBuildPhase section */
		0245A1832B34A94C0052F669 /* Sources */ = {
			isa = PBXSourcesBuildPhase;
			buildActionMask = 2147483647;
			files = (
				0245A1A22B34AA3F0052F669 /* KisiKayit.swift in Sources */,
				0245A1A92B34BFE50052F669 /* KisilerHucre.swift in Sources */,
				0245A1A42B34AA4A0052F669 /* KisiDetay.swift in Sources */,
				0287E1362B6AC24A000D27DA /* FMDatabase.m in Sources */,
				0245A18F2B34A94C0052F669 /* Anasayfa.swift in Sources */,
				0287E1392B6AC24A000D27DA /* FMDatabaseQueue.m in Sources */,
				0287E13A2B6AC24A000D27DA /* FMResultSet.m in Sources */,
				029E33D02B5441E600EABFE6 /* AnasayfaViewModel.swift in Sources */,
				029E33D42B54421500EABFE6 /* KisiDetayViewModel.swift in Sources */,
				0287E1372B6AC24A000D27DA /* FMDatabaseAdditions.m in Sources */,
				0245A18B2B34A94C0052F669 /* AppDelegate.swift in Sources */,
				0245A18D2B34A94C0052F669 /* SceneDelegate.swift in Sources */,
				0287E1452B6AD0AF000D27DA /* KisilerDaoRepository.swift in Sources */,
				0287E1382B6AC24A000D27DA /* FMDatabasePool.m in Sources */,
				0245A1A62B34AABA0052F669 /* Kisiler.swift in Sources */,
				029E33D22B54420000EABFE6 /* KisiKayitViewModel.swift in Sources */,
			);
			runOnlyForDeploymentPostprocessing = 0;
		};
/* End PBXSourcesBuildPhase section */

/* Begin PBXVariantGroup section */
		0245A1902B34A94C0052F669 /* Main.storyboard */ = {
			isa = PBXVariantGroup;
			children = (
				0245A1912B34A94C0052F669 /* Base */,
			);
			name = Main.storyboard;
			sourceTree = "<group>";
		};
		0245A1952B34A94D0052F669 /* LaunchScreen.storyboard */ = {
			isa = PBXVariantGroup;
			children = (
				0245A1962B34A94D0052F669 /* Base */,
			);
			name = LaunchScreen.storyboard;
			sourceTree = "<group>";
		};
/* End PBXVariantGroup section */

/* Begin XCBuildConfiguration section */
		0245A1992B34A94D0052F669 /* Debug */ = {
			isa = XCBuildConfiguration;
			buildSettings = {
				ALWAYS_SEARCH_USER_PATHS = NO;
				ASSETCATALOG_COMPILER_GENERATE_SWIFT_ASSET_SYMBOL_EXTENSIONS = YES;
				CLANG_ANALYZER_NONNULL = YES;
				CLANG_ANALYZER_NUMBER_OBJECT_CONVERSION = YES_AGGRESSIVE;
				CLANG_CXX_LANGUAGE_STANDARD = "gnu++20";
				CLANG_ENABLE_MODULES = YES;
				CLANG_ENABLE_OBJC_ARC = YES;
				CLANG_ENABLE_OBJC_WEAK = YES;
				CLANG_WARN_BLOCK_CAPTURE_AUTORELEASING = YES;
				CLANG_WARN_BOOL_CONVERSION = YES;
				CLANG_WARN_COMMA = YES;
				CLANG_WARN_CONSTANT_CONVERSION = YES;
				CLANG_WARN_DEPRECATED_OBJC_IMPLEMENTATIONS = YES;
				CLANG_WARN_DIRECT_OBJC_ISA_USAGE = YES_ERROR;
				CLANG_WARN_DOCUMENTATION_COMMENTS = YES;
				CLANG_WARN_EMPTY_BODY = YES;
				CLANG_WARN_ENUM_CONVERSION = YES;
				CLANG_WARN_INFINITE_RECURSION = YES;
				CLANG_WARN_INT_CONVERSION = YES;
				CLANG_WARN_NON_LITERAL_NULL_CONVERSION = YES;
				CLANG_WARN_OBJC_IMPLICIT_RETAIN_SELF = YES;
				CLANG_WARN_OBJC_LITERAL_CONVERSION = YES;
				CLANG_WARN_OBJC_ROOT_CLASS = YES_ERROR;
				CLANG_WARN_QUOTED_INCLUDE_IN_FRAMEWORK_HEADER = YES;
				CLANG_WARN_RANGE_LOOP_ANALYSIS = YES;
				CLANG_WARN_STRICT_PROTOTYPES = YES;
				CLANG_WARN_SUSPICIOUS_MOVE = YES;
				CLANG_WARN_UNGUARDED_AVAILABILITY = YES_AGGRESSIVE;
				CLANG_WARN_UNREACHABLE_CODE = YES;
				CLANG_WARN__DUPLICATE_METHOD_MATCH = YES;
				COPY_PHASE_STRIP = NO;
				DEBUG_INFORMATION_FORMAT = dwarf;
				ENABLE_STRICT_OBJC_MSGSEND = YES;
				ENABLE_TESTABILITY = YES;
				ENABLE_USER_SCRIPT_SANDBOXING = YES;
				GCC_C_LANGUAGE_STANDARD = gnu17;
				GCC_DYNAMIC_NO_PIC = NO;
				GCC_NO_COMMON_BLOCKS = YES;
				GCC_OPTIMIZATION_LEVEL = 0;
				GCC_PREPROCESSOR_DEFINITIONS = (
					"DEBUG=1",
					"$(inherited)",
				);
				GCC_WARN_64_TO_32_BIT_CONVERSION = YES;
				GCC_WARN_ABOUT_RETURN_TYPE = YES_ERROR;
				GCC_WARN_UNDECLARED_SELECTOR = YES;
				GCC_WARN_UNINITIALIZED_AUTOS = YES_AGGRESSIVE;
				GCC_WARN_UNUSED_FUNCTION = YES;
				GCC_WARN_UNUSED_VARIABLE = YES;
				IPHONEOS_DEPLOYMENT_TARGET = 17.2;
				LOCALIZATION_PREFERS_STRING_CATALOGS = YES;
				MTL_ENABLE_DEBUG_INFO = INCLUDE_SOURCE;
				MTL_FAST_MATH = YES;
				ONLY_ACTIVE_ARCH = YES;
				SDKROOT = iphoneos;
				SWIFT_ACTIVE_COMPILATION_CONDITIONS = "DEBUG $(inherited)";
				SWIFT_OPTIMIZATION_LEVEL = "-Onone";
			};
			name = Debug;
		};
		0245A19A2B34A94D0052F669 /* Release */ = {
			isa = XCBuildConfiguration;
			buildSettings = {
				ALWAYS_SEARCH_USER_PATHS = NO;
				ASSETCATALOG_COMPILER_GENERATE_SWIFT_ASSET_SYMBOL_EXTENSIONS = YES;
				CLANG_ANALYZER_NONNULL = YES;
				CLANG_ANALYZER_NUMBER_OBJECT_CONVERSION = YES_AGGRESSIVE;
				CLANG_CXX_LANGUAGE_STANDARD = "gnu++20";
				CLANG_ENABLE_MODULES = YES;
				CLANG_ENABLE_OBJC_ARC = YES;
				CLANG_ENABLE_OBJC_WEAK = YES;
				CLANG_WARN_BLOCK_CAPTURE_AUTORELEASING = YES;
				CLANG_WARN_BOOL_CONVERSION = YES;
				CLANG_WARN_COMMA = YES;
				CLANG_WARN_CONSTANT_CONVERSION = YES;
				CLANG_WARN_DEPRECATED_OBJC_IMPLEMENTATIONS = YES;
				CLANG_WARN_DIRECT_OBJC_ISA_USAGE = YES_ERROR;
				CLANG_WARN_DOCUMENTATION_COMMENTS = YES;
				CLANG_WARN_EMPTY_BODY = YES;
				CLANG_WARN_ENUM_CONVERSION = YES;
				CLANG_WARN_INFINITE_RECURSION = YES;
				CLANG_WARN_INT_CONVERSION = YES;
				CLANG_WARN_NON_LITERAL_NULL_CONVERSION = YES;
				CLANG_WARN_OBJC_IMPLICIT_RETAIN_SELF = YES;
				CLANG_WARN_OBJC_LITERAL_CONVERSION = YES;
				CLANG_WARN_OBJC_ROOT_CLASS = YES_ERROR;
				CLANG_WARN_QUOTED_INCLUDE_IN_FRAMEWORK_HEADER = YES;
				CLANG_WARN_RANGE_LOOP_ANALYSIS = YES;
				CLANG_WARN_STRICT_PROTOTYPES = YES;
				CLANG_WARN_SUSPICIOUS_MOVE = YES;
				CLANG_WARN_UNGUARDED_AVAILABILITY = YES_AGGRESSIVE;
				CLANG_WARN_UNREACHABLE_CODE = YES;
				CLANG_WARN__DUPLICATE_METHOD_MATCH = YES;
				COPY_PHASE_STRIP = NO;
				DEBUG_INFORMATION_FORMAT = "dwarf-with-dsym";
				ENABLE_NS_ASSERTIONS = NO;
				ENABLE_STRICT_OBJC_MSGSEND = YES;
				ENABLE_USER_SCRIPT_SANDBOXING = YES;
				GCC_C_LANGUAGE_STANDARD = gnu17;
				GCC_NO_COMMON_BLOCKS = YES;
				GCC_WARN_64_TO_32_BIT_CONVERSION = YES;
				GCC_WARN_ABOUT_RETURN_TYPE = YES_ERROR;
				GCC_WARN_UNDECLARED_SELECTOR = YES;
				GCC_WARN_UNINITIALIZED_AUTOS = YES_AGGRESSIVE;
				GCC_WARN_UNUSED_FUNCTION = YES;
				GCC_WARN_UNUSED_VARIABLE = YES;
				IPHONEOS_DEPLOYMENT_TARGET = 17.2;
				LOCALIZATION_PREFERS_STRING_CATALOGS = YES;
				MTL_ENABLE_DEBUG_INFO = NO;
				MTL_FAST_MATH = YES;
				SDKROOT = iphoneos;
				SWIFT_COMPILATION_MODE = wholemodule;
				VALIDATE_PRODUCT = YES;
			};
			name = Release;
		};
		0245A19C2B34A94D0052F669 /* Debug */ = {
			isa = XCBuildConfiguration;
			buildSettings = {
				ASSETCATALOG_COMPILER_APPICON_NAME = AppIcon;
				ASSETCATALOG_COMPILER_GLOBAL_ACCENT_COLOR_NAME = AccentColor;
				CLANG_ENABLE_MODULES = YES;
				CODE_SIGN_STYLE = Automatic;
				CURRENT_PROJECT_VERSION = 1;
				DEVELOPMENT_TEAM = VL64TXT8SA;
				GENERATE_INFOPLIST_FILE = YES;
				INFOPLIST_FILE = KisilerUygulamasi/Info.plist;
				INFOPLIST_KEY_UIApplicationSupportsIndirectInputEvents = YES;
				INFOPLIST_KEY_UILaunchStoryboardName = LaunchScreen;
				INFOPLIST_KEY_UIMainStoryboardFile = Main;
				INFOPLIST_KEY_UISupportedInterfaceOrientations_iPad = "UIInterfaceOrientationPortrait UIInterfaceOrientationPortraitUpsideDown UIInterfaceOrientationLandscapeLeft UIInterfaceOrientationLandscapeRight";
				INFOPLIST_KEY_UISupportedInterfaceOrientations_iPhone = "UIInterfaceOrientationPortrait UIInterfaceOrientationLandscapeLeft UIInterfaceOrientationLandscapeRight";
				LD_RUNPATH_SEARCH_PATHS = (
					"$(inherited)",
					"@executable_path/Frameworks",
				);
				MARKETING_VERSION = 1.0;
				PRODUCT_BUNDLE_IDENTIFIER = com.fatihgumus.KisilerUygulamasi;
				PRODUCT_NAME = "$(TARGET_NAME)";
				SWIFT_EMIT_LOC_STRINGS = YES;
				SWIFT_OBJC_BRIDGING_HEADER = "KisilerUygulamasi/KisilerUygulamasiMVVM-Bridging-Header.h";
				SWIFT_OPTIMIZATION_LEVEL = "-Onone";
				SWIFT_VERSION = 5.0;
				TARGETED_DEVICE_FAMILY = "1,2";
			};
			name = Debug;
		};
		0245A19D2B34A94D0052F669 /* Release */ = {
			isa = XCBuildConfiguration;
			buildSettings = {
				ASSETCATALOG_COMPILER_APPICON_NAME = AppIcon;
				ASSETCATALOG_COMPILER_GLOBAL_ACCENT_COLOR_NAME = AccentColor;
				CLANG_ENABLE_MODULES = YES;
				CODE_SIGN_STYLE = Automatic;
				CURRENT_PROJECT_VERSION = 1;
				DEVELOPMENT_TEAM = VL64TXT8SA;
				GENERATE_INFOPLIST_FILE = YES;
				INFOPLIST_FILE = KisilerUygulamasi/Info.plist;
				INFOPLIST_KEY_UIApplicationSupportsIndirectInputEvents = YES;
				INFOPLIST_KEY_UILaunchStoryboardName = LaunchScreen;
				INFOPLIST_KEY_UIMainStoryboardFile = Main;
				INFOPLIST_KEY_UISupportedInterfaceOrientations_iPad = "UIInterfaceOrientationPortrait UIInterfaceOrientationPortraitUpsideDown UIInterfaceOrientationLandscapeLeft UIInterfaceOrientationLandscapeRight";
				INFOPLIST_KEY_UISupportedInterfaceOrientations_iPhone = "UIInterfaceOrientationPortrait UIInterfaceOrientationLandscapeLeft UIInterfaceOrientationLandscapeRight";
				LD_RUNPATH_SEARCH_PATHS = (
					"$(inherited)",
					"@executable_path/Frameworks",
				);
				MARKETING_VERSION = 1.0;
				PRODUCT_BUNDLE_IDENTIFIER = com.fatihgumus.KisilerUygulamasi;
				PRODUCT_NAME = "$(TARGET_NAME)";
				SWIFT_EMIT_LOC_STRINGS = YES;
				SWIFT_OBJC_BRIDGING_HEADER = "KisilerUygulamasi/KisilerUygulamasiMVVM-Bridging-Header.h";
				SWIFT_VERSION = 5.0;
				TARGETED_DEVICE_FAMILY = "1,2";
			};
			name = Release;
		};
/* End XCBuildConfiguration section */

/* Begin XCConfigurationList section */
		0245A1822B34A94C0052F669 /* Build configuration list for PBXProject "KisilerUygulamasiMVVM" */ = {
			isa = XCConfigurationList;
			buildConfigurations = (
				0245A1992B34A94D0052F669 /* Debug */,
				0245A19A2B34A94D0052F669 /* Release */,
			);
			defaultConfigurationIsVisible = 0;
			defaultConfigurationName = Release;
		};
		0245A19B2B34A94D0052F669 /* Build configuration list for PBXNativeTarget "KisilerUygulamasiMVVM" */ = {
			isa = XCConfigurationList;
			buildConfigurations = (
				0245A19C2B34A94D0052F669 /* Debug */,
				0245A19D2B34A94D0052F669 /* Release */,
			);
			defaultConfigurationIsVisible = 0;
			defaultConfigurationName = Release;
		};
/* End XCConfigurationList section */

/* Begin XCRemoteSwiftPackageReference section */
		029E33D52B54535300EABFE6 /* XCRemoteSwiftPackageReference "RxSwift" */ = {
			isa = XCRemoteSwiftPackageReference;
			repositoryURL = "https://github.com/ReactiveX/RxSwift.git";
			requirement = {
				kind = upToNextMajorVersion;
				minimumVersion = 6.6.0;
			};
		};
/* End XCRemoteSwiftPackageReference section */

/* Begin XCSwiftPackageProductDependency section */
		029E33E22B54535300EABFE6 /* RxSwift */ = {
			isa = XCSwiftPackageProductDependency;
			package = 029E33D52B54535300EABFE6 /* XCRemoteSwiftPackageReference "RxSwift" */;
			productName = RxSwift;
		};
/* End XCSwiftPackageProductDependency section */
	};
	rootObject = 0245A17F2B34A94C0052F669 /* Project object */;
}
